# This file is generated by running "yarn install" inside your project.
# Manual changes might be lost - proceed with caution!

__metadata:
  version: 10
  cacheKey: 10c0

"@envelop/core@npm:^5.5.1":
  version: 5.5.1
  resolution: "@envelop/core@npm:5.5.1"
  dependencies:
    "@envelop/instrumentation": "npm:^1.0.0"
    "@envelop/types": "npm:^5.2.1"
    "@whatwg-node/promise-helpers": "npm:^1.2.4"
    tslib: "npm:^2.5.0"
  checksum: 10c0/380d5a1bc7abf700dc42195c5769f08e18eef7de552ad36299445b416ff3d2c2d5a74bcfae3239b6c390793efc842120dcdbdc0872457a2fdc80b4c37a54312a
  languageName: node
  linkType: hard

"@envelop/instrumentation@npm:^1.0.0":
  version: 1.0.0
  resolution: "@envelop/instrumentation@npm:1.0.0"
  dependencies:
    "@whatwg-node/promise-helpers": "npm:^1.2.1"
    tslib: "npm:^2.5.0"
  checksum: 10c0/134df1ac481fb392aafc4522a22bcdc6ef0701f2d15d51b16207f3c9a4c7d3760adfa5f5bcc84f0c0ec7b011d84bcd40fff671eb471bed54bd928c165994b4e3
  languageName: node
  linkType: hard

"@envelop/types@npm:^5.2.1":
  version: 5.2.1
  resolution: "@envelop/types@npm:5.2.1"
  dependencies:
    "@whatwg-node/promise-helpers": "npm:^1.0.0"
    tslib: "npm:^2.5.0"
  checksum: 10c0/2cdbb29d98350d957e18aff38ddf95670c249df894afab7fc888e2a02b43ca029fde96ca2829e5350bf83b982bc0267a5c8f7ee3ed9d353d4f145ebc0dc0b1e0
  languageName: node
  linkType: hard

"@fastify/busboy@npm:^3.1.1":
  version: 3.2.0
  resolution: "@fastify/busboy@npm:3.2.0"
  checksum: 10c0/3e4fb00a27e3149d1c68de8ff14007d2bbcbbc171a9d050d0a8772e836727329d4d3f130995ebaa19cf537d5d2f5ce2a88000366e6192e751457bfcc2125f351
  languageName: node
  linkType: hard

"@gcp-k8s-roundtrip/gateway@workspace:gateway":
  version: 0.0.0-use.local
  resolution: "@gcp-k8s-roundtrip/gateway@workspace:gateway"
  dependencies:
    "@gcp-k8s-roundtrip/proto": "npm:1.0.0"
    "@grpc/grpc-js": "npm:^1.10.0"
    "@grpc/proto-loader": "npm:^0.7.0"
    "@types/node": "npm:^20.0.0"
    "@types/uuid": "npm:^9.0.0"
    graphql: "npm:^16.8.0"
    graphql-yoga: "npm:^5.3.0"
    pino: "npm:^9.0.0"
    prom-client: "npm:^15.1.0"
    typescript: "npm:^5.4.0"
    uuid: "npm:^9.0.0"
  languageName: unknown
  linkType: soft

"@gcp-k8s-roundtrip/orders-service@workspace:orders-service":
  version: 0.0.0-use.local
  resolution: "@gcp-k8s-roundtrip/orders-service@workspace:orders-service"
  dependencies:
    "@gcp-k8s-roundtrip/proto": "npm:1.0.0"
    "@grpc/grpc-js": "npm:^1.10.0"
    "@grpc/proto-loader": "npm:^0.7.0"
    "@types/node": "npm:^20.0.0"
    "@types/pg": "npm:^8.11.0"
    "@types/uuid": "npm:^9.0.0"
    nats: "npm:^2.19.0"
    pg: "npm:^8.12.0"
    pino: "npm:^9.0.0"
    prom-client: "npm:^15.1.0"
    typescript: "npm:^5.4.0"
    uuid: "npm:^9.0.0"
  languageName: unknown
  linkType: soft

"@gcp-k8s-roundtrip/processing-service@workspace:processing-service":
  version: 0.0.0-use.local
  resolution: "@gcp-k8s-roundtrip/processing-service@workspace:processing-service"
  dependencies:
    "@types/node": "npm:^20.0.0"
    "@types/pg": "npm:^8.11.0"
    nats: "npm:^2.19.0"
    pg: "npm:^8.12.0"
    pino: "npm:^9.0.0"
    prom-client: "npm:^15.1.0"
    typescript: "npm:^5.4.0"
  languageName: unknown
  linkType: soft

"@gcp-k8s-roundtrip/proto@npm:1.0.0, @gcp-k8s-roundtrip/proto@workspace:proto":
  version: 0.0.0-use.local
  resolution: "@gcp-k8s-roundtrip/proto@workspace:proto"
  dependencies:
    "@grpc/grpc-js": "npm:^1.10.0"
    "@grpc/proto-loader": "npm:^0.7.0"
    typescript: "npm:^5.4.0"
  languageName: unknown
  linkType: soft

"@graphql-tools/executor@npm:^1.5.0":
  version: 1.5.7
  resolution: "@graphql-tools/executor@npm:1.5.7"
  dependencies:
    "@graphql-tools/utils": "npm:^11.2.2"
    "@graphql-typed-document-node/core": "npm:^3.2.0"
    "@repeaterjs/repeater": "npm:^3.1.0"
    "@whatwg-node/disposablestack": "npm:^0.0.6"
    "@whatwg-node/promise-helpers": "npm:^1.0.0"
    tslib: "npm:^2.4.0"
  peerDependencies:
    graphql: ^14.0.0 || ^15.0.0 || ^16.0.0 || ^17.0.0
  checksum: 10c0/4f0816bf7d898b22f9dfa0c2f05a4a8fb1a33078ea32ee4805ea001d06d95cda3cd8e9d2a7bd5af9d354f58311190da66d9605d9900e80b28d2d1ce0be2fe82c
  languageName: node
  linkType: hard

"@graphql-tools/merge@npm:^9.2.2":
  version: 9.2.2
  resolution: "@graphql-tools/merge@npm:9.2.2"
  dependencies:
    "@graphql-tools/utils": "npm:^11.2.2"
    tslib: "npm:^2.4.0"
  peerDependencies:
    graphql: ^14.0.0 || ^15.0.0 || ^16.0.0 || ^17.0.0
  checksum: 10c0/9f4e78b0c61a1bf045fca3c0854c8241e552f62922e8efeedcaaeca22aeaca2408ee7c0936837126ba894b1852dd7c107a68a74d475a497e2966e1130d40ed86
  languageName: node
  linkType: hard

"@graphql-tools/schema@npm:^10.0.11":
  version: 10.0.38
  resolution: "@graphql-tools/schema@npm:10.0.38"
  dependencies:
    "@graphql-tools/merge": "npm:^9.2.2"
    "@graphql-tools/utils": "npm:^11.2.2"
    tslib: "npm:^2.4.0"
  peerDependencies:
    graphql: ^14.0.0 || ^15.0.0 || ^16.0.0 || ^17.0.0
  checksum: 10c0/cfce1f7df4a8c52d9e3c24a8e85f2329a46e8e1ba0170447cd23bd5bb8707ca9aa35c080234e2a373a376ddec05f0356b7a31e31de4712c3f668ab3aca89af93
  languageName: node
  linkType: hard

"@graphql-tools/utils@npm:^10.11.0":
  version: 10.11.0
  resolution: "@graphql-tools/utils@npm:10.11.0"
  dependencies:
    "@graphql-typed-document-node/core": "npm:^3.1.1"
    "@whatwg-node/promise-helpers": "npm:^1.0.0"
    cross-inspect: "npm:1.0.1"
    tslib: "npm:^2.4.0"
  peerDependencies:
    graphql: ^14.0.0 || ^15.0.0 || ^16.0.0 || ^17.0.0
  checksum: 10c0/73459332c199d8f3aa698bdee4ac6ce802274dba95cc7eff1f0219b6fe6e3a8f314d2e824168e296df8f5ce18f6dbd23ca14406b71890a41ce80b7548e8ccd6d
  languageName: node
  linkType: hard

"@graphql-tools/utils@npm:^11.2.2":
  version: 11.2.2
  resolution: "@graphql-tools/utils@npm:11.2.2"
  dependencies:
    "@graphql-typed-document-node/core": "npm:^3.1.1"
    "@whatwg-node/promise-helpers": "npm:^1.0.0"
    cross-inspect: "npm:1.0.1"
    tslib: "npm:^2.4.0"
  peerDependencies:
    graphql: ^14.0.0 || ^15.0.0 || ^16.0.0 || ^17.0.0
  checksum: 10c0/049389bd14c9c18e99d1443552baeda187c2759635b179b2eb74f008c8ab80637730b2427267dd2a39b7051138cff8f5fd5bc1416d516bf4c7dc3ea50501daf6
  languageName: node
  linkType: hard

"@graphql-typed-document-node/core@npm:^3.1.1, @graphql-typed-document-node/core@npm:^3.2.0":
  version: 3.2.0
  resolution: "@graphql-typed-document-node/core@npm:3.2.0"
  peerDependencies:
    graphql: ^0.8.0 || ^0.9.0 || ^0.10.0 || ^0.11.0 || ^0.12.0 || ^0.13.0 || ^14.0.0 || ^15.0.0 || ^16.0.0 || ^17.0.0
  checksum: 10c0/94e9d75c1f178bbae8d874f5a9361708a3350c8def7eaeb6920f2c820e82403b7d4f55b3735856d68e145e86c85cbfe2adc444fdc25519cd51f108697e99346c
  languageName: node
  linkType: hard

"@graphql-yoga/logger@npm:^2.0.1":
  version: 2.0.1
  resolution: "@graphql-yoga/logger@npm:2.0.1"
  dependencies:
    tslib: "npm:^2.8.1"
  checksum: 10c0/4469576de1b542256ca0da8b3c6c3bba3380bf784b43e4407203ef9037b1955151f1361913f5301aca31203f2e6f63f6bd0fe6da020c325ceac0e56f18574abe
  languageName: node
  linkType: hard

"@graphql-yoga/subscription@npm:^5.0.5":
  version: 5.0.5
  resolution: "@graphql-yoga/subscription@npm:5.0.5"
  dependencies:
    "@graphql-yoga/typed-event-target": "npm:^3.0.2"
    "@repeaterjs/repeater": "npm:^3.0.4"
    "@whatwg-node/events": "npm:^0.1.0"
    tslib: "npm:^2.8.1"
  checksum: 10c0/5828800163da6bdd936dca08d6fa80954bb3c56be1d79f0d0a2682ff54a523f971d4f2b2bcaba2fe2ecf0d06e42a49d3c2f770b641dd97c74b75ad90a3437c59
  languageName: node
  linkType: hard

"@graphql-yoga/typed-event-target@npm:^3.0.2":
  version: 3.0.2
  resolution: "@graphql-yoga/typed-event-target@npm:3.0.2"
  dependencies:
    "@repeaterjs/repeater": "npm:^3.0.4"
    tslib: "npm:^2.8.1"
  checksum: 10c0/51b4205aa25d47273aa887507040e702e6d9bb26fbc48c3187d38f4919f34b9fc0b22f28cdc83079c72912bf0d563619c141fae10a5d34ef69740da8b897ff81
  languageName: node
  linkType: hard

"@grpc/grpc-js@npm:^1.10.0":
  version: 1.14.4
  resolution: "@grpc/grpc-js@npm:1.14.4"
  dependencies:
    "@grpc/proto-loader": "npm:^0.8.0"
    "@js-sdsl/ordered-map": "npm:^4.4.2"
  checksum: 10c0/0ff6395e8112ad30e8f99dbb684b997ebc3264e770b8e354f23effeedf181a380e0ecef8bca466cbbf3e9141968656144851de1da50f840a1efd9314c9812449
  languageName: node
  linkType: hard

"@grpc/proto-loader@npm:^0.7.0":
  version: 0.7.15
  resolution: "@grpc/proto-loader@npm:0.7.15"
  dependencies:
    lodash.camelcase: "npm:^4.3.0"
    long: "npm:^5.0.0"
    protobufjs: "npm:^7.2.5"
    yargs: "npm:^17.7.2"
  bin:
    proto-loader-gen-types: build/bin/proto-loader-gen-types.js
  checksum: 10c0/514a134a724b56d73d0a202b7e02c84479da21e364547bacb2f4995ebc0d52412a1a21653add9f004ebd146c1e6eb4bcb0b8846fdfe1bfa8a98ed8f3d203da4a
  languageName: node
  linkType: hard

"@grpc/proto-loader@npm:^0.8.0":
  version: 0.8.1
  resolution: "@grpc/proto-loader@npm:0.8.1"
  dependencies:
    lodash.camelcase: "npm:^4.3.0"
    long: "npm:^5.0.0"
    protobufjs: "npm:^7.5.5"
    yargs: "npm:^17.7.2"
  bin:
    proto-loader-gen-types: build/bin/proto-loader-gen-types.js
  checksum: 10c0/900814c2cbedd76ce5de083adc0696f746a652a79eeb09e8d04d53b864179e2c9aa127997b9bba8ef5f0ce0c11ee700a0e467732eb6cb1f3efdb952583533ccf
  languageName: node
  linkType: hard

"@js-sdsl/ordered-map@npm:^4.4.2":
  version: 4.4.2
  resolution: "@js-sdsl/ordered-map@npm:4.4.2"
  checksum: 10c0/cc7e15dc4acf6d9ef663757279600bab70533d847dcc1ab01332e9e680bd30b77cdf9ad885cc774276f51d98b05a013571c940e5b360985af5eb798dc1a2ee2b
  languageName: node
  linkType: hard

"@opentelemetry/api@npm:^1.4.0":
  version: 1.9.1
  resolution: "@opentelemetry/api@npm:1.9.1"
  checksum: 10c0/c608485fc8b5a91e1f7e05e843b45b509307456b31cd2ad365933d90813e40ebfedf179f1451c762037e82d7c76aa8500e95d2da3609f640a1206cde5322cd14
  languageName: node
  linkType: hard

"@pinojs/redact@npm:^0.4.0":
  version: 0.4.0
  resolution: "@pinojs/redact@npm:0.4.0"
  checksum: 10c0/4b311ba17ee0cf154ff9c39eb063ec04cd0d0017cb3750efcdf06c2d485df3e1095e13e872175993568c5568c23e4508dd877c981bbc9c5ae5e384d569efcdff
  languageName: node
  linkType: hard

"@protobufjs/aspromise@npm:^1.1.1, @protobufjs/aspromise@npm:^1.1.2":
  version: 1.1.2
  resolution: "@protobufjs/aspromise@npm:1.1.2"
  checksum: 10c0/a83343a468ff5b5ec6bff36fd788a64c839e48a07ff9f4f813564f58caf44d011cd6504ed2147bf34835bd7a7dd2107052af755961c6b098fd8902b4f6500d0f
  languageName: node
  linkType: hard

"@protobufjs/base64@npm:^1.1.2":
  version: 1.1.2
  resolution: "@protobufjs/base64@npm:1.1.2"
  checksum: 10c0/eec925e681081af190b8ee231f9bad3101e189abbc182ff279da6b531e7dbd2a56f1f306f37a80b1be9e00aa2d271690d08dcc5f326f71c9eed8546675c8caf6
  languageName: node
  linkType: hard

"@protobufjs/codegen@npm:^2.0.5":
  version: 2.0.5
  resolution: "@protobufjs/codegen@npm:2.0.5"
  checksum: 10c0/1b8a2ae56ee60a56e9d205cd4b6072a1503c5069b8ebb905710f974ff0098a0d0700641c137e0a8d98dedf14423156a106a9433695cbf52574810f55000fdcab
  languageName: node
  linkType: hard

"@protobufjs/eventemitter@npm:^1.1.1":
  version: 1.1.1
  resolution: "@protobufjs/eventemitter@npm:1.1.1"
  checksum: 10c0/8e06193d4629c5e7c09d4f8c2ddba8fc4dfa739f0149f33a1d901568d35bb7b8b5277a4e8452baf3bdd0b302fd599cf255d193267aa93a0a4747e23cd073c4ac
  languageName: node
  linkType: hard

"@protobufjs/fetch@npm:^1.1.1":
  version: 1.1.1
  resolution: "@protobufjs/fetch@npm:1.1.1"
  dependencies:
    "@protobufjs/aspromise": "npm:^1.1.1"
  checksum: 10c0/a497ff5433854e8577f0427983ea39b9113b49a8120f94515291d763327061d2c3013e60e24ea436d091dafae01a0f6eb1867e3b1616045d96a31d8b3c646ed4
  languageName: node
  linkType: hard

"@protobufjs/float@npm:^1.0.2":
  version: 1.0.2
  resolution: "@protobufjs/float@npm:1.0.2"
  checksum: 10c0/18f2bdede76ffcf0170708af15c9c9db6259b771e6b84c51b06df34a9c339dbbeec267d14ce0bddd20acc142b1d980d983d31434398df7f98eb0c94a0eb79069
  languageName: node
  linkType: hard

"@protobufjs/path@npm:^1.1.2":
  version: 1.1.2
  resolution: "@protobufjs/path@npm:1.1.2"
  checksum: 10c0/cece0a938e7f5dfd2fa03f8c14f2f1cf8b0d6e13ac7326ff4c96ea311effd5fb7ae0bba754fbf505312af2e38500250c90e68506b97c02360a43793d88a0d8b4
  languageName: node
  linkType: hard

"@protobufjs/pool@npm:^1.1.0":
  version: 1.1.0
  resolution: "@protobufjs/pool@npm:1.1.0"
  checksum: 10c0/eda2718b7f222ac6e6ad36f758a92ef90d26526026a19f4f17f668f45e0306a5bd734def3f48f51f8134ae0978b6262a5c517c08b115a551756d1a3aadfcf038
  languageName: node
  linkType: hard

"@protobufjs/utf8@npm:^1.1.1":
  version: 1.1.2
  resolution: "@protobufjs/utf8@npm:1.1.2"
  checksum: 10c0/975c6e2c0319bd50c17531d186b537a88cb4d3205e3ca9297cd842b631d341da0ee3ff16be8656cd2660756dc753b29c8a6a14c0ad8ed602c1f91ddf22e7b3f3
  languageName: node
  linkType: hard

"@repeaterjs/repeater@npm:^3.0.4, @repeaterjs/repeater@npm:^3.1.0":
  version: 3.1.0
  resolution: "@repeaterjs/repeater@npm:3.1.0"
  checksum: 10c0/33a41a009c589bebe05bd4a182ffaf47bf9cbf9037729bc5cb0e183f9074e83b0c5f89ce2381bcdc05bb7604771872c5d2f78c5bb7004c562bf64b94821d0abc
  languageName: node
  linkType: hard

"@types/node@npm:*, @types/node@npm:>=13.7.0":
  version: 26.1.1
  resolution: "@types/node@npm:26.1.1"
  dependencies:
    undici-types: "npm:~8.3.0"
  checksum: 10c0/25ac5093195736dd074d5027adbba85617bc951d5a41506ebd3b9073048acb7233613f3822d5f9b9447f9c0841c91f6387c46283916767e3ef79f23917452c46
  languageName: node
  linkType: hard

"@types/node@npm:^20.0.0":
  version: 20.19.43
  resolution: "@types/node@npm:20.19.43"
  dependencies:
    undici-types: "npm:~6.21.0"
  checksum: 10c0/9bcec3b5295bdd77ff0b44a528a69f7e22028c347507ba2c69be47ec84e30299f45043b222e9c86c510e138c9c53b2419dd5cd34920602a4a5a381c288075318
  languageName: node
  linkType: hard

"@types/pg@npm:^8.11.0":
  version: 8.20.0
  resolution: "@types/pg@npm:8.20.0"
  dependencies:
    "@types/node": "npm:*"
    pg-protocol: "npm:*"
    pg-types: "npm:^2.2.0"
  checksum: 10c0/c8b5aa794ea074aa20d0c1ef6c721ce0fe16f2c084d0ccc32b7f12909a08ec969e6b01a094ce8e7019cc425381c4b59f261bd0133daf0c6d4aca5c6c492e8312
  languageName: node
  linkType: hard

"@types/uuid@npm:^9.0.0":
  version: 9.0.8
  resolution: "@types/uuid@npm:9.0.8"
  checksum: 10c0/b411b93054cb1d4361919579ef3508a1f12bf15b5fdd97337d3d351bece6c921b52b6daeef89b62340fd73fd60da407878432a1af777f40648cbe53a01723489
  languageName: node
  linkType: hard

"@whatwg-node/disposablestack@npm:^0.0.6":
  version: 0.0.6
  resolution: "@whatwg-node/disposablestack@npm:0.0.6"
  dependencies:
    "@whatwg-node/promise-helpers": "npm:^1.0.0"
    tslib: "npm:^2.6.3"
  checksum: 10c0/e751da9f8552728f28a140fd78c1da88be167ee8a5688371da88e024a2bf151298d194a61c9750b44bbbb4cf5c687959d495d41b1388e4cfcfe9dbe3584c79b3
  languageName: node
  linkType: hard

"@whatwg-node/events@npm:^0.1.0":
  version: 0.1.2
  resolution: "@whatwg-node/events@npm:0.1.2"
  dependencies:
    tslib: "npm:^2.6.3"
  checksum: 10c0/d49d760081f94f514a70e0508e5485549744173612eafa70bda8400ec5558e36024135d2097051b4f4adf696242e0cf2171e918285823f8cc81ba46493c7169d
  languageName: node
  linkType: hard

"@whatwg-node/fetch@npm:^0.10.13, @whatwg-node/fetch@npm:^0.10.6":
  version: 0.10.13
  resolution: "@whatwg-node/fetch@npm:0.10.13"
  dependencies:
    "@whatwg-node/node-fetch": "npm:^0.8.3"
    urlpattern-polyfill: "npm:^10.0.0"
  checksum: 10c0/afce42c44e9c5572ac5800615bac3a03865923af53af99098d2e931b40f6db556ad5d4a3e08c29e51ecf871809f0860fb11f2b024891daa26646a309f8b07fc1
  languageName: node
  linkType: hard

"@whatwg-node/node-fetch@npm:^0.8.3":
  version: 0.8.6
  resolution: "@whatwg-node/node-fetch@npm:0.8.6"
  dependencies:
    "@fastify/busboy": "npm:^3.1.1"
    "@whatwg-node/disposablestack": "npm:^0.0.6"
    "@whatwg-node/promise-helpers": "npm:^1.3.2"
    tslib: "npm:^2.6.3"
  checksum: 10c0/728447084f79cfef79c7cc7ae9461a71545c1d606704cb5b80ed74a96057ba1210444bf60a8351668af243dbeecbeaab5296e67e48bef94f9d1821c1d448d636
  languageName: node
  linkType: hard

"@whatwg-node/promise-helpers@npm:^1.0.0, @whatwg-node/promise-helpers@npm:^1.2.1, @whatwg-node/promise-helpers@npm:^1.2.4, @whatwg-node/promise-helpers@npm:^1.3.2":
  version: 1.3.2
  resolution: "@whatwg-node/promise-helpers@npm:1.3.2"
  dependencies:
    tslib: "npm:^2.6.3"
  checksum: 10c0/d20e8d740cfa1f0eac7dce11e8a7a84f1567513a8ff0bd1772724b581a8ca77df3f9600a95047c0d2628335626113fa98367517abd01c1ff49817fccf225a29a
  languageName: node
  linkType: hard

"@whatwg-node/server@npm:^0.11.0":
  version: 0.11.0
  resolution: "@whatwg-node/server@npm:0.11.0"
  dependencies:
    "@envelop/instrumentation": "npm:^1.0.0"
    "@whatwg-node/disposablestack": "npm:^0.0.6"
    "@whatwg-node/fetch": "npm:^0.10.13"
    "@whatwg-node/promise-helpers": "npm:^1.3.2"
    tslib: "npm:^2.6.3"
  checksum: 10c0/01b2715a9677333fb9fe52aed3dc03ebdaf82185c38fbb8bff82ca4b830c717285b7653bc5b700ca9c05eb1a2bea2fb2c2265cf18055fe93cb1cce4add546450
  languageName: node
  linkType: hard

"ansi-regex@npm:^5.0.1":
  version: 5.0.1
  resolution: "ansi-regex@npm:5.0.1"
  checksum: 10c0/9a64bb8627b434ba9327b60c027742e5d17ac69277960d041898596271d992d4d52ba7267a63ca10232e29f6107fc8a835f6ce8d719b88c5f8493f8254813737
  languageName: node
  linkType: hard

"ansi-styles@npm:^4.0.0":
  version: 4.3.0
  resolution: "ansi-styles@npm:4.3.0"
  dependencies:
    color-convert: "npm:^2.0.1"
  checksum: 10c0/895a23929da416f2bd3de7e9cb4eabd340949328ab85ddd6e484a637d8f6820d485f53933446f5291c3b760cbc488beb8e88573dd0f9c7daf83dccc8fe81b041
  languageName: node
  linkType: hard

"atomic-sleep@npm:^1.0.0":
  version: 1.0.0
  resolution: "atomic-sleep@npm:1.0.0"
  checksum: 10c0/e329a6665512736a9bbb073e1761b4ec102f7926cce35037753146a9db9c8104f5044c1662e4a863576ce544fb8be27cd2be6bc8c1a40147d03f31eb1cfb6e8a
  languageName: node
  linkType: hard

"bintrees@npm:1.0.2":
  version: 1.0.2
  resolution: "bintrees@npm:1.0.2"
  checksum: 10c0/132944b20c93c1a8f97bf8aa25980a76c6eb4291b7f2df2dbcd01cb5b417c287d3ee0847c7260c9f05f3d5a4233aaa03dec95114e97f308abe9cc3f72bed4a44
  languageName: node
  linkType: hard

"cliui@npm:^8.0.1":
  version: 8.0.1
  resolution: "cliui@npm:8.0.1"
  dependencies:
    string-width: "npm:^4.2.0"
    strip-ansi: "npm:^6.0.1"
    wrap-ansi: "npm:^7.0.0"
  checksum: 10c0/4bda0f09c340cbb6dfdc1ed508b3ca080f12992c18d68c6be4d9cf51756033d5266e61ec57529e610dacbf4da1c634423b0c1b11037709cc6b09045cbd815df5
  languageName: node
  linkType: hard

"color-convert@npm:^2.0.1":
  version: 2.0.1
  resolution: "color-convert@npm:2.0.1"
  dependencies:
    color-name: "npm:~1.1.4"
  checksum: 10c0/37e1150172f2e311fe1b2df62c6293a342ee7380da7b9cfdba67ea539909afbd74da27033208d01d6d5cfc65ee7868a22e18d7e7648e004425441c0f8a15a7d7
  languageName: node
  linkType: hard

"color-name@npm:~1.1.4":
  version: 1.1.4
  resolution: "color-name@npm:1.1.4"
  checksum: 10c0/a1a3f914156960902f46f7f56bc62effc6c94e84b2cae157a526b1c1f74b677a47ec602bf68a61abfa2b42d15b7c5651c6dbe72a43af720bc588dff885b10f95
  languageName: node
  linkType: hard

"cross-inspect@npm:1.0.1":
  version: 1.0.1
  resolution: "cross-inspect@npm:1.0.1"
  dependencies:
    tslib: "npm:^2.4.0"
  checksum: 10c0/2493ee47a801b46ede1c42ca6242b8d2059f7319b5baf23887bbaf46a6ea8e536d2e271d0990176c05092f67b32d084ffd8c93e7c1227eff4a06cceadb49af47
  languageName: node
  linkType: hard

"emoji-regex@npm:^8.0.0":
  version: 8.0.0
  resolution: "emoji-regex@npm:8.0.0"
  checksum: 10c0/b6053ad39951c4cf338f9092d7bfba448cdfd46fe6a2a034700b149ac9ffbc137e361cbd3c442297f86bed2e5f7576c1b54cc0a6bf8ef5106cc62f496af35010
  languageName: node
  linkType: hard

"escalade@npm:^3.1.1":
  version: 3.2.0
  resolution: "escalade@npm:3.2.0"
  checksum: 10c0/ced4dd3a78e15897ed3be74e635110bbf3b08877b0a41be50dcb325ee0e0b5f65fc2d50e9845194d7c4633f327e2e1c6cce00a71b617c5673df0374201d67f65
  languageName: node
  linkType: hard

"gcp-kubernetes-roundtrip@workspace:.":
  version: 0.0.0-use.local
  resolution: "gcp-kubernetes-roundtrip@workspace:."
  languageName: unknown
  linkType: soft

"get-caller-file@npm:^2.0.5":
  version: 2.0.5
  resolution: "get-caller-file@npm:2.0.5"
  checksum: 10c0/c6c7b60271931fa752aeb92f2b47e355eac1af3a2673f47c9589e8f8a41adc74d45551c1bc57b5e66a80609f10ffb72b6f575e4370d61cc3f7f3aaff01757cde
  languageName: node
  linkType: hard

"graphql-yoga@npm:^5.3.0":
  version: 5.21.2
  resolution: "graphql-yoga@npm:5.21.2"
  dependencies:
    "@envelop/core": "npm:^5.5.1"
    "@envelop/instrumentation": "npm:^1.0.0"
    "@graphql-tools/executor": "npm:^1.5.0"
    "@graphql-tools/schema": "npm:^10.0.11"
    "@graphql-tools/utils": "npm:^10.11.0"
    "@graphql-yoga/logger": "npm:^2.0.1"
    "@graphql-yoga/subscription": "npm:^5.0.5"
    "@whatwg-node/fetch": "npm:^0.10.6"
    "@whatwg-node/promise-helpers": "npm:^1.3.2"
    "@whatwg-node/server": "npm:^0.11.0"
    lru-cache: "npm:^10.0.0"
    tslib: "npm:^2.8.1"
  peerDependencies:
    graphql: ^15.2.0 || ^16.0.0
  checksum: 10c0/ce3ee29ebf229e229a27114482271519bbc3ef688495512ea3b260824e28922b7fa00278de4265ab3824aaad97e0b82703b05e8c995431539f5c32a39879896e
  languageName: node
  linkType: hard

"graphql@npm:^16.8.0":
  version: 16.14.2
  resolution: "graphql@npm:16.14.2"
  checksum: 10c0/a95a96961eaff55cc9fe9d31fae6f33499ac988b972d07ea5085024cb1333f515b902f376e7393a5489aa82200a8aff3eb96580e4d1b69d702ed19b6eb1ce97a
  languageName: node
  linkType: hard

"is-fullwidth-code-point@npm:^3.0.0":
  version: 3.0.0
  resolution: "is-fullwidth-code-point@npm:3.0.0"
  checksum: 10c0/bb11d825e049f38e04c06373a8d72782eee0205bda9d908cc550ccb3c59b99d750ff9537982e01733c1c94a58e35400661f57042158ff5e8f3e90cf936daf0fc
  languageName: node
  linkType: hard

"lodash.camelcase@npm:^4.3.0":
  version: 4.3.0
  resolution: "lodash.camelcase@npm:4.3.0"
  checksum: 10c0/fcba15d21a458076dd309fce6b1b4bf611d84a0ec252cb92447c948c533ac250b95d2e00955801ebc367e5af5ed288b996d75d37d2035260a937008e14eaf432
  languageName: node
  linkType: hard

"long@npm:^5.0.0, long@npm:^5.3.2":
  version: 5.3.2
  resolution: "long@npm:5.3.2"
  checksum: 10c0/7130fe1cbce2dca06734b35b70d380ca3f70271c7f8852c922a7c62c86c4e35f0c39290565eca7133c625908d40e126ac57c02b1b1a4636b9457d77e1e60b981
  languageName: node
  linkType: hard

"lru-cache@npm:^10.0.0":
  version: 10.4.3
  resolution: "lru-cache@npm:10.4.3"
  checksum: 10c0/ebd04fbca961e6c1d6c0af3799adcc966a1babe798f685bb84e6599266599cd95d94630b10262f5424539bc4640107e8a33aa28585374abf561d30d16f4b39fb
  languageName: node
  linkType: hard

"nats@npm:^2.19.0":
  version: 2.29.3
  resolution: "nats@npm:2.29.3"
  dependencies:
    nkeys.js: "npm:1.1.0"
  checksum: 10c0/9a4c09c4b562e415f28926cc7d3b609ee4a727570c398e90d5d71f1a4c08f84ebf8c6d881eb1d202d39fa071c4779bcd8764b982767135b09826f28386cc55fb
  languageName: node
  linkType: hard

"nkeys.js@npm:1.1.0":
  version: 1.1.0
  resolution: "nkeys.js@npm:1.1.0"
  dependencies:
    tweetnacl: "npm:1.0.3"
  checksum: 10c0/44ff8d61e46d2b345351ed7844d66036a815aeca23927def6ca258e27a18a1678fe5ab161c5cf0b6e3a3993a945d422b71036986d09669b214540c8491478bef
  languageName: node
  linkType: hard

"on-exit-leak-free@npm:^2.1.0":
  version: 2.1.2
  resolution: "on-exit-leak-free@npm:2.1.2"
  checksum: 10c0/faea2e1c9d696ecee919026c32be8d6a633a7ac1240b3b87e944a380e8a11dc9c95c4a1f8fb0568de7ab8db3823e790f12bda45296b1d111e341aad3922a0570
  languageName: node
  linkType: hard

"pg-cloudflare@npm:^1.4.0":
  version: 1.4.0
  resolution: "pg-cloudflare@npm:1.4.0"
  checksum: 10c0/553764d00055052648393cda53c1feb065991d6f9fbfdeb56cf8396c5b33377ab2897aaf5dc9cd3933d09023a1f01e8b1ca755431dcf5fd71c92ea277e2888f1
  languageName: node
  linkType: hard

"pg-connection-string@npm:^2.14.0":
  version: 2.14.0
  resolution: "pg-connection-string@npm:2.14.0"
  checksum: 10c0/c26d85970f782de72b90aa45b4acfa34df90242fc08bc676e8827297164044dbfb40a2cf20b0646bd02662a6b14c5ed27f322db627e41e582f2b705bc41e8b47
  languageName: node
  linkType: hard

"pg-int8@npm:1.0.1":
  version: 1.0.1
  resolution: "pg-int8@npm:1.0.1"
  checksum: 10c0/be6a02d851fc2a4ae3e9de81710d861de3ba35ac927268973eb3cb618873a05b9424656df464dd43bd7dc3fc5295c3f5b3c8349494f87c7af50ec59ef14e0b98
  languageName: node
  linkType: hard

"pg-pool@npm:^3.14.0":
  version: 3.14.0
  resolution: "pg-pool@npm:3.14.0"
  peerDependencies:
    pg: ">=8.0"
  checksum: 10c0/3dd706e67e3b317e29409d9eb3bd44e960eabd86db2a9711a9391bbd43881f8ce7a5f7054a341509558ee05e9bf0a3cc7aef037039da0790ce1e16762ade3ba6
  languageName: node
  linkType: hard

"pg-protocol@npm:*, pg-protocol@npm:^1.15.0":
  version: 1.15.0
  resolution: "pg-protocol@npm:1.15.0"
  checksum: 10c0/f1acad1e693d23ce70f8a5fec108cb960d6b8546b3a3fb2cf9113211069ef0f8890e2cc26b5f94e11bf81ff6d851b11c0643de12327cd07e0d1127ae1cb80791
  languageName: node
  linkType: hard

"pg-types@npm:2.2.0, pg-types@npm:^2.2.0":
  version: 2.2.0
  resolution: "pg-types@npm:2.2.0"
  dependencies:
    pg-int8: "npm:1.0.1"
    postgres-array: "npm:~2.0.0"
    postgres-bytea: "npm:~1.0.0"
    postgres-date: "npm:~1.0.4"
    postgres-interval: "npm:^1.1.0"
  checksum: 10c0/ab3f8069a323f601cd2d2279ca8c425447dab3f9b61d933b0601d7ffc00d6200df25e26a4290b2b0783b59278198f7dd2ed03e94c4875797919605116a577c65
  languageName: node
  linkType: hard

"pg@npm:^8.12.0":
  version: 8.22.0
  resolution: "pg@npm:8.22.0"
  dependencies:
    pg-cloudflare: "npm:^1.4.0"
    pg-connection-string: "npm:^2.14.0"
    pg-pool: "npm:^3.14.0"
    pg-protocol: "npm:^1.15.0"
    pg-types: "npm:2.2.0"
    pgpass: "npm:1.0.5"
  peerDependencies:
    pg-native: ">=3.0.1"
  dependenciesMeta:
    pg-cloudflare:
      optional: true
  peerDependenciesMeta:
    pg-native:
      optional: true
  checksum: 10c0/f26fe81c8146b802ac58b2a67570ab4f64cbd57d0752d0a6d1b2b1d12168adb241948e6129301b771a359bede6767181c5ac1a584a36bcfcd38ffe955237ee26
  languageName: node
  linkType: hard

"pgpass@npm:1.0.5":
  version: 1.0.5
  resolution: "pgpass@npm:1.0.5"
  dependencies:
    split2: "npm:^4.1.0"
  checksum: 10c0/5ea6c9b2de04c33abb08d33a2dded303c4a3c7162a9264519cbe85c0a9857d712463140ba42fad0c7cd4b21f644dd870b45bb2e02fcbe505b4de0744fd802c1d
  languageName: node
  linkType: hard

"pino-abstract-transport@npm:^2.0.0":
  version: 2.0.0
  resolution: "pino-abstract-transport@npm:2.0.0"
  dependencies:
    split2: "npm:^4.0.0"
  checksum: 10c0/02c05b8f2ffce0d7c774c8e588f61e8b77de8ccb5f8125afd4a7325c9ea0e6af7fb78168999657712ae843e4462bb70ac550dfd6284f930ee57f17f486f25a9f
  languageName: node
  linkType: hard

"pino-std-serializers@npm:^7.0.0":
  version: 7.1.0
  resolution: "pino-std-serializers@npm:7.1.0"
  checksum: 10c0/d158615aa93ebdeac2d3912ad4227a23ef78cf14229e886214771f581e96eff312257f2d6368c75b2fbf53e5024eda475d81305014f4ed1a6d5eeab9107f6ef0
  languageName: node
  linkType: hard

"pino@npm:^9.0.0":
  version: 9.14.0
  resolution: "pino@npm:9.14.0"
  dependencies:
    "@pinojs/redact": "npm:^0.4.0"
    atomic-sleep: "npm:^1.0.0"
    on-exit-leak-free: "npm:^2.1.0"
    pino-abstract-transport: "npm:^2.0.0"
    pino-std-serializers: "npm:^7.0.0"
    process-warning: "npm:^5.0.0"
    quick-format-unescaped: "npm:^4.0.3"
    real-require: "npm:^0.2.0"
    safe-stable-stringify: "npm:^2.3.1"
    sonic-boom: "npm:^4.0.1"
    thread-stream: "npm:^3.0.0"
  bin:
    pino: bin.js
  checksum: 10c0/9a10d9bf820a585eae9bc270fb4e55c895e48280d54adbbb4063ec061694b22d8809c80203cf5fe9f920a54c832b0b8dfb67cb28a04baa13abebaf261a9c9f3e
  languageName: node
  linkType: hard

"postgres-array@npm:~2.0.0":
  version: 2.0.0
  resolution: "postgres-array@npm:2.0.0"
  checksum: 10c0/cbd56207e4141d7fbf08c86f2aebf21fa7064943d3f808ec85f442ff94b48d891e7a144cc02665fb2de5dbcb9b8e3183a2ac749959e794b4a4cfd379d7a21d08
  languageName: node
  linkType: hard

"postgres-bytea@npm:~1.0.0":
  version: 1.0.1
  resolution: "postgres-bytea@npm:1.0.1"
  checksum: 10c0/10b28a27c9d703d5befd97c443e62b551096d1014bc59ab574c65bf0688de7f3f068003b2aea8dcff83cf0f6f9a35f9f74457c38856cf8eb81b00cf3fb44f164
  languageName: node
  linkType: hard

"postgres-date@npm:~1.0.4":
  version: 1.0.7
  resolution: "postgres-date@npm:1.0.7"
  checksum: 10c0/0ff91fccc64003e10b767fcfeefb5eaffbc522c93aa65d5051c49b3c4ce6cb93ab091a7d22877a90ad60b8874202c6f1d0f935f38a7235ed3b258efd54b97ca9
  languageName: node
  linkType: hard

"postgres-interval@npm:^1.1.0":
  version: 1.2.0
  resolution: "postgres-interval@npm:1.2.0"
  dependencies:
    xtend: "npm:^4.0.0"
  checksum: 10c0/c1734c3cb79e7f22579af0b268a463b1fa1d084e742a02a7a290c4f041e349456f3bee3b4ee0bb3f226828597f7b76deb615c1b857db9a742c45520100456272
  languageName: node
  linkType: hard

"process-warning@npm:^5.0.0":
  version: 5.0.0
  resolution: "process-warning@npm:5.0.0"
  checksum: 10c0/941f48863d368ec161e0b5890ba0c6af94170078f3d6b5e915c19b36fb59edb0dc2f8e834d25e0d375a8bf368a49d490f080508842168832b93489d17843ec29
  languageName: node
  linkType: hard

"prom-client@npm:^15.1.0":
  version: 15.1.3
  resolution: "prom-client@npm:15.1.3"
  dependencies:
    "@opentelemetry/api": "npm:^1.4.0"
    tdigest: "npm:^0.1.1"
  checksum: 10c0/816525572e5799a2d1d45af78512fb47d073c842dc899c446e94d17cfc343d04282a1627c488c7ca1bcd47f766446d3e49365ab7249f6d9c22c7664a5bce7021
  languageName: node
  linkType: hard

"protobufjs@npm:^7.2.5, protobufjs@npm:^7.5.5":
  version: 7.6.5
  resolution: "protobufjs@npm:7.6.5"
  dependencies:
    "@protobufjs/aspromise": "npm:^1.1.2"
    "@protobufjs/base64": "npm:^1.1.2"
    "@protobufjs/codegen": "npm:^2.0.5"
    "@protobufjs/eventemitter": "npm:^1.1.1"
    "@protobufjs/fetch": "npm:^1.1.1"
    "@protobufjs/float": "npm:^1.0.2"
    "@protobufjs/path": "npm:^1.1.2"
    "@protobufjs/pool": "npm:^1.1.0"
    "@protobufjs/utf8": "npm:^1.1.1"
    "@types/node": "npm:>=13.7.0"
    long: "npm:^5.3.2"
  checksum: 10c0/863eaca9c6f45bfcfb8787c545f53e9c6696507e328e3981b4643c12d35df7f2826021c10e3fd30bef342c13a8e9d306547bac9c0849ee3bf50f770a12f01dc5
  languageName: node
  linkType: hard

"quick-format-unescaped@npm:^4.0.3":
  version: 4.0.4
  resolution: "quick-format-unescaped@npm:4.0.4"
  checksum: 10c0/fe5acc6f775b172ca5b4373df26f7e4fd347975578199e7d74b2ae4077f0af05baa27d231de1e80e8f72d88275ccc6028568a7a8c9ee5e7368ace0e18eff93a4
  languageName: node
  linkType: hard

"real-require@npm:^0.2.0":
  version: 0.2.0
  resolution: "real-require@npm:0.2.0"
  checksum: 10c0/23eea5623642f0477412ef8b91acd3969015a1501ed34992ada0e3af521d3c865bb2fe4cdbfec5fe4b505f6d1ef6a03e5c3652520837a8c3b53decff7e74b6a0
  languageName: node
  linkType: hard

"require-directory@npm:^2.1.1":
  version: 2.1.1
  resolution: "require-directory@npm:2.1.1"
  checksum: 10c0/83aa76a7bc1531f68d92c75a2ca2f54f1b01463cb566cf3fbc787d0de8be30c9dbc211d1d46be3497dac5785fe296f2dd11d531945ac29730643357978966e99
  languageName: node
  linkType: hard

"safe-stable-stringify@npm:^2.3.1":
  version: 2.5.0
  resolution: "safe-stable-stringify@npm:2.5.0"
  checksum: 10c0/baea14971858cadd65df23894a40588ed791769db21bafb7fd7608397dbdce9c5aac60748abae9995e0fc37e15f2061980501e012cd48859740796bea2987f49
  languageName: node
  linkType: hard

"sonic-boom@npm:^4.0.1":
  version: 4.2.1
  resolution: "sonic-boom@npm:4.2.1"
  dependencies:
    atomic-sleep: "npm:^1.0.0"
  checksum: 10c0/f374e9c3dfe194d706d8ef8aed4e28bc10638f9952fd19bcbddf2cef05d53334ad9e9dca3e01e24e88dd88fb278c6b8c5b2ae5002494b289c4914aaea3d9eae9
  languageName: node
  linkType: hard

"split2@npm:^4.0.0, split2@npm:^4.1.0":
  version: 4.2.0
  resolution: "split2@npm:4.2.0"
  checksum: 10c0/b292beb8ce9215f8c642bb68be6249c5a4c7f332fc8ecadae7be5cbdf1ea95addc95f0459ef2e7ad9d45fd1064698a097e4eb211c83e772b49bc0ee423e91534
  languageName: node
  linkType: hard

"string-width@npm:^4.1.0, string-width@npm:^4.2.0, string-width@npm:^4.2.3":
  version: 4.2.3
  resolution: "string-width@npm:4.2.3"
  dependencies:
    emoji-regex: "npm:^8.0.0"
    is-fullwidth-code-point: "npm:^3.0.0"
    strip-ansi: "npm:^6.0.1"
  checksum: 10c0/1e525e92e5eae0afd7454086eed9c818ee84374bb80328fc41217ae72ff5f065ef1c9d7f72da41de40c75fa8bb3dee63d92373fd492c84260a552c636392a47b
  languageName: node
  linkType: hard

"strip-ansi@npm:^6.0.0, strip-ansi@npm:^6.0.1":
  version: 6.0.1
  resolution: "strip-ansi@npm:6.0.1"
  dependencies:
    ansi-regex: "npm:^5.0.1"
  checksum: 10c0/1ae5f212a126fe5b167707f716942490e3933085a5ff6c008ab97ab2f272c8025d3aa218b7bd6ab25729ca20cc81cddb252102f8751e13482a5199e873680952
  languageName: node
  linkType: hard

"tdigest@npm:^0.1.1":
  version: 0.1.2
  resolution: "tdigest@npm:0.1.2"
  dependencies:
    bintrees: "npm:1.0.2"
  checksum: 10c0/10187b8144b112fcdfd3a5e4e9068efa42c990b1e30cd0d4f35ee8f58f16d1b41bc587e668fa7a6f6ca31308961cbd06cd5d4a4ae1dc388335902ae04f7d57df
  languageName: node
  linkType: hard

"thread-stream@npm:^3.0.0":
  version: 3.2.0
  resolution: "thread-stream@npm:3.2.0"
  dependencies:
    real-require: "npm:^0.2.0"
  checksum: 10c0/417516963f338cf24c27b91e9ac1c1e06ea321333e3369685e9c48afeefc9f18cf5d6c268e24e888f85e9f467d34d35e506c180e2278e2cd9b4c402454206463
  languageName: node
  linkType: hard

"tslib@npm:^2.4.0, tslib@npm:^2.5.0, tslib@npm:^2.6.3, tslib@npm:^2.8.1":
  version: 2.8.1
  resolution: "tslib@npm:2.8.1"
  checksum: 10c0/9c4759110a19c53f992d9aae23aac5ced636e99887b51b9e61def52611732872ff7668757d4e4c61f19691e36f4da981cd9485e869b4a7408d689f6bf1f14e62
  languageName: node
  linkType: hard

"tweetnacl@npm:1.0.3":
  version: 1.0.3
  resolution: "tweetnacl@npm:1.0.3"
  checksum: 10c0/069d9df51e8ad4a89fbe6f9806c68e06c65be3c7d42f0701cc43dba5f0d6064686b238bbff206c5addef8854e3ce00c643bff59432ea2f2c639feab0ee1a93f9
  languageName: node
  linkType: hard

"typescript@npm:^5.4.0":
  version: 5.9.3
  resolution: "typescript@npm:5.9.3"
  bin:
    tsc: bin/tsc
    tsserver: bin/tsserver
  checksum: 10c0/6bd7552ce39f97e711db5aa048f6f9995b53f1c52f7d8667c1abdc1700c68a76a308f579cd309ce6b53646deb4e9a1be7c813a93baaf0a28ccd536a30270e1c5
  languageName: node
  linkType: hard

"typescript@patch:typescript@npm%3A^5.4.0#optional!builtin<compat/typescript>":
  version: 5.9.3
  resolution: "typescript@patch:typescript@npm%3A5.9.3#optional!builtin<compat/typescript>::version=5.9.3&hash=5786d5"
  bin:
    tsc: bin/tsc
    tsserver: bin/tsserver
  checksum: 10c0/ad09fdf7a756814dce65bc60c1657b40d44451346858eea230e10f2e95a289d9183b6e32e5c11e95acc0ccc214b4f36289dcad4bf1886b0adb84d711d336a430
  languageName: node
  linkType: hard

"undici-types@npm:~6.21.0":
  version: 6.21.0
  resolution: "undici-types@npm:6.21.0"
  checksum: 10c0/c01ed51829b10aa72fc3ce64b747f8e74ae9b60eafa19a7b46ef624403508a54c526ffab06a14a26b3120d055e1104d7abe7c9017e83ced038ea5cf52f8d5e04
  languageName: node
  linkType: hard

"undici-types@npm:~8.3.0":
  version: 8.3.0
  resolution: "undici-types@npm:8.3.0"
  checksum: 10c0/c8aa7e2fbebfce519654dafadc0ece59be888d2ccaf180fb4495da875e7b536d2456345c384069c7e6f3e9c9ab7435f074957da306f142343eee86ff8048855a
  languageName: node
  linkType: hard

"urlpattern-polyfill@npm:^10.0.0":
  version: 10.1.0
  resolution: "urlpattern-polyfill@npm:10.1.0"
  checksum: 10c0/5b124fd8d0ae920aa2a48b49a7a3b9ad1643b5ce7217b808fb6877826e751cabc01897fd4c85cd1989c4e729072b63aad5c3ba1c1325e4433e0d2f6329156bf1
  languageName: node
  linkType: hard

"uuid@npm:^9.0.0":
  version: 9.0.1
  resolution: "uuid@npm:9.0.1"
  bin:
    uuid: dist/bin/uuid
  checksum: 10c0/1607dd32ac7fc22f2d8f77051e6a64845c9bce5cd3dd8aa0070c074ec73e666a1f63c7b4e0f4bf2bc8b9d59dc85a15e17807446d9d2b17c8485fbc2147b27f9b
  languageName: node
  linkType: hard

"wrap-ansi@npm:^7.0.0":
  version: 7.0.0
  resolution: "wrap-ansi@npm:7.0.0"
  dependencies:
    ansi-styles: "npm:^4.0.0"
    string-width: "npm:^4.1.0"
    strip-ansi: "npm:^6.0.0"
  checksum: 10c0/d15fc12c11e4cbc4044a552129ebc75ee3f57aa9c1958373a4db0292d72282f54373b536103987a4a7594db1ef6a4f10acf92978f79b98c49306a4b58c77d4da
  languageName: node
  linkType: hard

"xtend@npm:^4.0.0":
  version: 4.0.2
  resolution: "xtend@npm:4.0.2"
  checksum: 10c0/366ae4783eec6100f8a02dff02ac907bf29f9a00b82ac0264b4d8b832ead18306797e283cf19de776538babfdcb2101375ec5646b59f08c52128ac4ab812ed0e
  languageName: node
  linkType: hard

"y18n@npm:^5.0.5":
  version: 5.0.8
  resolution: "y18n@npm:5.0.8"
  checksum: 10c0/4df2842c36e468590c3691c894bc9cdbac41f520566e76e24f59401ba7d8b4811eb1e34524d57e54bc6d864bcb66baab7ffd9ca42bf1eda596618f9162b91249
  languageName: node
  linkType: hard

"yargs-parser@npm:^21.1.1":
  version: 21.1.1
  resolution: "yargs-parser@npm:21.1.1"
  checksum: 10c0/f84b5e48169479d2f402239c59f084cfd1c3acc197a05c59b98bab067452e6b3ea46d4dd8ba2985ba7b3d32a343d77df0debd6b343e5dae3da2aab2cdf5886b2
  languageName: node
  linkType: hard

"yargs@npm:^17.7.2":
  version: 17.7.3
  resolution: "yargs@npm:17.7.3"
  dependencies:
    cliui: "npm:^8.0.1"
    escalade: "npm:^3.1.1"
    get-caller-file: "npm:^2.0.5"
    require-directory: "npm:^2.1.1"
    string-width: "npm:^4.2.3"
    y18n: "npm:^5.0.5"
    yargs-parser: "npm:^21.1.1"
  checksum: 10c0/7a28572f7e785a57886e34fdbddb9b28756dec552e1453d5f6e7cdd00ad8721a4e8c4321d33683f5e61cacb36ad43258adbb48396b71ec4ed14abee0fc0d0c1f
  languageName: node
  linkType: hard
