dependencies:
- name: postgres
  repository: ""
  version: 1.0.0
- name: nats
  repository: https://nats-io.github.io/k8s/helm/charts/
  version: 1.2.11
- name: orders-service
  repository: ""
  version: 1.0.0
- name: processing-service
  repository: ""
  version: 1.0.0
- name: gateway
  repository: ""
  version: 1.0.0
- name: monitoring
  repository: ""
  version: 1.0.0
digest: sha256:7fa43257d41dcf68cab9ee6e387417d57dfd6896cc288fa53494d88f50a1c348
generated: "2026-07-10T15:39:59.806057+02:00"
